
Microsoft Visual Studio Solution File, Format Version 12.00
# Visual Studio Version 16
VisualStudioVersion = 16.0.30907.101
MinimumVisualStudioVersion = 15.0.26124.0
Project("{9A19103F-16F7-4668-BE54-9A1E7A4F7556}") = "ESourcing.Products", "ESourcing.Products\ESourcing.Products.csproj", "{CFC496D0-485C-455B-B233-09F482B2D8BE}"
EndProject
Project("{2150E333-8FDC-42A3-9474-1A3956D46DE8}") = "Products", "Products", "{3969CA35-B4F4-4346-B03F-F5538228DF04}"
EndProject
Project("{2150E333-8FDC-42A3-9474-1A3956D46DE8}") = "src", "src", "{F070AF31-0C67-4C87-90A0-902C9E767938}"
EndProject
Project("{2150E333-8FDC-42A3-9474-1A3956D46DE8}") = "ApiGateway", "ApiGateway", "{71C48E15-7F44-4C53-ADD1-A7749A62973E}"
EndProject
Project("{2150E333-8FDC-42A3-9474-1A3956D46DE8}") = "Services", "Services", "{05434108-6590-4AA3-BE73-C87E935F21D0}"
EndProject
Project("{2150E333-8FDC-42A3-9474-1A3956D46DE8}") = "WebApp", "WebApp", "{BE6CB389-D8A2-4FAD-82E0-173C09339F73}"
EndProject
Project("{2150E333-8FDC-42A3-9474-1A3956D46DE8}") = "Common", "Common", "{6E27C5AA-A9CC-45E5-912A-EE43553D2461}"
EndProject
Project("{2150E333-8FDC-42A3-9474-1A3956D46DE8}") = "Order", "Order", "{F0B8C0A5-8C79-47D3-81E1-671760AC0195}"
EndProject
Project("{2150E333-8FDC-42A3-9474-1A3956D46DE8}") = "Sourcing", "Sourcing", "{5D6C0384-5FE9-4A96-BEBC-EFB0BD0B08EC}"
EndProject
Project("{E53339B2-1760-4266-BCC7-CA923CBCF16C}") = "docker-compose", "docker-compose.dcproj", "{E8C112C3-E9B1-439C-ACF8-B5447AC48F55}"
EndProject
Project("{9A19103F-16F7-4668-BE54-9A1E7A4F7556}") = "Esourcing.Sourcing", "Esourcing.Sourcing\Esourcing.Sourcing.csproj", "{E668C2BC-E01A-4123-A558-98BADE9D6C5E}"
EndProject
Project("{9A19103F-16F7-4668-BE54-9A1E7A4F7556}") = "Esourcing.UI", "Esourcing.UI\Esourcing.UI.csproj", "{27731222-3226-4A5F-9113-5BD9F37AD571}"
EndProject
Project("{9A19103F-16F7-4668-BE54-9A1E7A4F7556}") = "ESourcing.Core", "ESourcing.Core\ESourcing.Core.csproj", "{3FECCF9F-BA78-4A13-855B-AE8E861EB5A6}"
EndProject
Project("{9A19103F-16F7-4668-BE54-9A1E7A4F7556}") = "ESourcing.Infrastructure", "ESourcing.Infrastructure\ESourcing.Infrastructure.csproj", "{3B8FF0FE-7494-42DD-9211-681D770AD9C2}"
EndProject
Project("{9A19103F-16F7-4668-BE54-9A1E7A4F7556}") = "EventBusRabbitMQ", "EventBusRabbitMQ\EventBusRabbitMQ.csproj", "{291778A6-DD0A-4F47-908B-3B880821761B}"
EndProject
Project("{9A19103F-16F7-4668-BE54-9A1E7A4F7556}") = "ESourcing.Order", "ESourcing.Order\ESourcing.Order.csproj", "{3E2171EC-D761-47C6-B65B-F16ED1E3CD51}"
EndProject
Project("{9A19103F-16F7-4668-BE54-9A1E7A4F7556}") = "Ordering.Domain", "Ordering.Domain\Ordering.Domain.csproj", "{83834102-2E8A-4995-98C1-E2AEB0A30802}"
EndProject
Project("{9A19103F-16F7-4668-BE54-9A1E7A4F7556}") = "Ordering.Application", "Ordering.Application\Ordering.Application.csproj", "{2CB90DE1-40D2-4D42-8246-40F80A2A37F9}"
EndProject
Project("{9A19103F-16F7-4668-BE54-9A1E7A4F7556}") = "Ordering.Infrastructure", "Ordering.Infrastructure\Ordering.Infrastructure.csproj", "{BEAC7931-9B39-41D6-997B-A20C42D8D4A7}"
EndProject
Project("{FAE04EC0-301F-11D3-BF4B-00C04F79EFBC}") = "ESourcing.APIGateway", "ESourcing.APIGateway\ESourcing.APIGateway.csproj", "{AE8C8FE1-4C26-48D1-8A0A-850AC5B00F29}"
EndProject
Global
	GlobalSection(SolutionConfigurationPlatforms) = preSolution
		Debug|Any CPU = Debug|Any CPU
		Debug|x64 = Debug|x64
		Debug|x86 = Debug|x86
		Release|Any CPU = Release|Any CPU
		Release|x64 = Release|x64
		Release|x86 = Release|x86
	EndGlobalSection
	GlobalSection(ProjectConfigurationPlatforms) = postSolution
		{CFC496D0-485C-455B-B233-09F482B2D8BE}.Debug|Any CPU.ActiveCfg = Debug|Any CPU
		{CFC496D0-485C-455B-B233-09F482B2D8BE}.Debug|Any CPU.Build.0 = Debug|Any CPU
		{CFC496D0-485C-455B-B233-09F482B2D8BE}.Debug|x64.ActiveCfg = Debug|Any CPU
		{CFC496D0-485C-455B-B233-09F482B2D8BE}.Debug|x64.Build.0 = Debug|Any CPU
		{CFC496D0-485C-455B-B233-09F482B2D8BE}.Debug|x86.ActiveCfg = Debug|Any CPU
		{CFC496D0-485C-455B-B233-09F482B2D8BE}.Debug|x86.Build.0 = Debug|Any CPU
		{CFC496D0-485C-455B-B233-09F482B2D8BE}.Release|Any CPU.ActiveCfg = Release|Any CPU
		{CFC496D0-485C-455B-B233-09F482B2D8BE}.Release|Any CPU.Build.0 = Release|Any CPU
		{CFC496D0-485C-455B-B233-09F482B2D8BE}.Release|x64.ActiveCfg = Release|Any CPU
		{CFC496D0-485C-455B-B233-09F482B2D8BE}.Release|x64.Build.0 = Release|Any CPU
		{CFC496D0-485C-455B-B233-09F482B2D8BE}.Release|x86.ActiveCfg = Release|Any CPU
		{CFC496D0-485C-455B-B233-09F482B2D8BE}.Release|x86.Build.0 = Release|Any CPU
		{E8C112C3-E9B1-439C-ACF8-B5447AC48F55}.Debug|Any CPU.ActiveCfg = Debug|Any CPU
		{E8C112C3-E9B1-439C-ACF8-B5447AC48F55}.Debug|Any CPU.Build.0 = Debug|Any CPU
		{E8C112C3-E9B1-439C-ACF8-B5447AC48F55}.Debug|x64.ActiveCfg = Debug|Any CPU
		{E8C112C3-E9B1-439C-ACF8-B5447AC48F55}.Debug|x64.Build.0 = Debug|Any CPU
		{E8C112C3-E9B1-439C-ACF8-B5447AC48F55}.Debug|x86.ActiveCfg = Debug|Any CPU
		{E8C112C3-E9B1-439C-ACF8-B5447AC48F55}.Debug|x86.Build.0 = Debug|Any CPU
		{E8C112C3-E9B1-439C-ACF8-B5447AC48F55}.Release|Any CPU.ActiveCfg = Release|Any CPU
		{E8C112C3-E9B1-439C-ACF8-B5447AC48F55}.Release|Any CPU.Build.0 = Release|Any CPU
		{E8C112C3-E9B1-439C-ACF8-B5447AC48F55}.Release|x64.ActiveCfg = Release|Any CPU
		{E8C112C3-E9B1-439C-ACF8-B5447AC48F55}.Release|x64.Build.0 = Release|Any CPU
		{E8C112C3-E9B1-439C-ACF8-B5447AC48F55}.Release|x86.ActiveCfg = Release|Any CPU
		{E8C112C3-E9B1-439C-ACF8-B5447AC48F55}.Release|x86.Build.0 = Release|Any CPU
		{E668C2BC-E01A-4123-A558-98BADE9D6C5E}.Debug|Any CPU.ActiveCfg = Debug|Any CPU
		{E668C2BC-E01A-4123-A558-98BADE9D6C5E}.Debug|Any CPU.Build.0 = Debug|Any CPU
		{E668C2BC-E01A-4123-A558-98BADE9D6C5E}.Debug|x64.ActiveCfg = Debug|Any CPU
		{E668C2BC-E01A-4123-A558-98BADE9D6C5E}.Debug|x64.Build.0 = Debug|Any CPU
		{E668C2BC-E01A-4123-A558-98BADE9D6C5E}.Debug|x86.ActiveCfg = Debug|Any CPU
		{E668C2BC-E01A-4123-A558-98BADE9D6C5E}.Debug|x86.Build.0 = Debug|Any CPU
		{E668C2BC-E01A-4123-A558-98BADE9D6C5E}.Release|Any CPU.ActiveCfg = Release|Any CPU
		{E668C2BC-E01A-4123-A558-98BADE9D6C5E}.Release|Any CPU.Build.0 = Release|Any CPU
		{E668C2BC-E01A-4123-A558-98BADE9D6C5E}.Release|x64.ActiveCfg = Release|Any CPU
		{E668C2BC-E01A-4123-A558-98BADE9D6C5E}.Release|x64.Build.0 = Release|Any CPU
		{E668C2BC-E01A-4123-A558-98BADE9D6C5E}.Release|x86.ActiveCfg = Release|Any CPU
		{E668C2BC-E01A-4123-A558-98BADE9D6C5E}.Release|x86.Build.0 = Release|Any CPU
		{27731222-3226-4A5F-9113-5BD9F37AD571}.Debug|Any CPU.ActiveCfg = Debug|Any CPU
		{27731222-3226-4A5F-9113-5BD9F37AD571}.Debug|Any CPU.Build.0 = Debug|Any CPU
		{27731222-3226-4A5F-9113-5BD9F37AD571}.Debug|x64.ActiveCfg = Debug|Any CPU
		{27731222-3226-4A5F-9113-5BD9F37AD571}.Debug|x64.Build.0 = Debug|Any CPU
		{27731222-3226-4A5F-9113-5BD9F37AD571}.Debug|x86.ActiveCfg = Debug|Any CPU
		{27731222-3226-4A5F-9113-5BD9F37AD571}.Debug|x86.Build.0 = Debug|Any CPU
		{27731222-3226-4A5F-9113-5BD9F37AD571}.Release|Any CPU.ActiveCfg = Release|Any CPU
		{27731222-3226-4A5F-9113-5BD9F37AD571}.Release|Any CPU.Build.0 = Release|Any CPU
		{27731222-3226-4A5F-9113-5BD9F37AD571}.Release|x64.ActiveCfg = Release|Any CPU
		{27731222-3226-4A5F-9113-5BD9F37AD571}.Release|x64.Build.0 = Release|Any CPU
		{27731222-3226-4A5F-9113-5BD9F37AD571}.Release|x86.ActiveCfg = Release|Any CPU
		{27731222-3226-4A5F-9113-5BD9F37AD571}.Release|x86.Build.0 = Release|Any CPU
		{3FECCF9F-BA78-4A13-855B-AE8E861EB5A6}.Debug|Any CPU.ActiveCfg = Debug|Any CPU
		{3FECCF9F-BA78-4A13-855B-AE8E861EB5A6}.Debug|Any CPU.Build.0 = Debug|Any CPU
		{3FECCF9F-BA78-4A13-855B-AE8E861EB5A6}.Debug|x64.ActiveCfg = Debug|Any CPU
		{3FECCF9F-BA78-4A13-855B-AE8E861EB5A6}.Debug|x64.Build.0 = Debug|Any CPU
		{3FECCF9F-BA78-4A13-855B-AE8E861EB5A6}.Debug|x86.ActiveCfg = Debug|Any CPU
		{3FECCF9F-BA78-4A13-855B-AE8E861EB5A6}.Debug|x86.Build.0 = Debug|Any CPU
		{3FECCF9F-BA78-4A13-855B-AE8E861EB5A6}.Release|Any CPU.ActiveCfg = Release|Any CPU
		{3FECCF9F-BA78-4A13-855B-AE8E861EB5A6}.Release|Any CPU.Build.0 = Release|Any CPU
		{3FECCF9F-BA78-4A13-855B-AE8E861EB5A6}.Release|x64.ActiveCfg = Release|Any CPU
		{3FECCF9F-BA78-4A13-855B-AE8E861EB5A6}.Release|x64.Build.0 = Release|Any CPU
		{3FECCF9F-BA78-4A13-855B-AE8E861EB5A6}.Release|x86.ActiveCfg = Release|Any CPU
		{3FECCF9F-BA78-4A13-855B-AE8E861EB5A6}.Release|x86.Build.0 = Release|Any CPU
		{3B8FF0FE-7494-42DD-9211-681D770AD9C2}.Debug|Any CPU.ActiveCfg = Debug|Any CPU
		{3B8FF0FE-7494-42DD-9211-681D770AD9C2}.Debug|Any CPU.Build.0 = Debug|Any CPU
		{3B8FF0FE-7494-42DD-9211-681D770AD9C2}.Debug|x64.ActiveCfg = Debug|Any CPU
		{3B8FF0FE-7494-42DD-9211-681D770AD9C2}.Debug|x64.Build.0 = Debug|Any CPU
		{3B8FF0FE-7494-42DD-9211-681D770AD9C2}.Debug|x86.ActiveCfg = Debug|Any CPU
		{3B8FF0FE-7494-42DD-9211-681D770AD9C2}.Debug|x86.Build.0 = Debug|Any CPU
		{3B8FF0FE-7494-42DD-9211-681D770AD9C2}.Release|Any CPU.ActiveCfg = Release|Any CPU
		{3B8FF0FE-7494-42DD-9211-681D770AD9C2}.Release|Any CPU.Build.0 = Release|Any CPU
		{3B8FF0FE-7494-42DD-9211-681D770AD9C2}.Release|x64.ActiveCfg = Release|Any CPU
		{3B8FF0FE-7494-42DD-9211-681D770AD9C2}.Release|x64.Build.0 = Release|Any CPU
		{3B8FF0FE-7494-42DD-9211-681D770AD9C2}.Release|x86.ActiveCfg = Release|Any CPU
		{3B8FF0FE-7494-42DD-9211-681D770AD9C2}.Release|x86.Build.0 = Release|Any CPU
		{291778A6-DD0A-4F47-908B-3B880821761B}.Debug|Any CPU.ActiveCfg = Debug|Any CPU
		{291778A6-DD0A-4F47-908B-3B880821761B}.Debug|Any CPU.Build.0 = Debug|Any CPU
		{291778A6-DD0A-4F47-908B-3B880821761B}.Debug|x64.ActiveCfg = Debug|Any CPU
		{291778A6-DD0A-4F47-908B-3B880821761B}.Debug|x64.Build.0 = Debug|Any CPU
		{291778A6-DD0A-4F47-908B-3B880821761B}.Debug|x86.ActiveCfg = Debug|Any CPU
		{291778A6-DD0A-4F47-908B-3B880821761B}.Debug|x86.Build.0 = Debug|Any CPU
		{291778A6-DD0A-4F47-908B-3B880821761B}.Release|Any CPU.ActiveCfg = Release|Any CPU
		{291778A6-DD0A-4F47-908B-3B880821761B}.Release|Any CPU.Build.0 = Release|Any CPU
		{291778A6-DD0A-4F47-908B-3B880821761B}.Release|x64.ActiveCfg = Release|Any CPU
		{291778A6-DD0A-4F47-908B-3B880821761B}.Release|x64.Build.0 = Release|Any CPU
		{291778A6-DD0A-4F47-908B-3B880821761B}.Release|x86.ActiveCfg = Release|Any CPU
		{291778A6-DD0A-4F47-908B-3B880821761B}.Release|x86.Build.0 = Release|Any CPU
		{3E2171EC-D761-47C6-B65B-F16ED1E3CD51}.Debug|Any CPU.ActiveCfg = Debug|Any CPU
		{3E2171EC-D761-47C6-B65B-F16ED1E3CD51}.Debug|Any CPU.Build.0 = Debug|Any CPU
		{3E2171EC-D761-47C6-B65B-F16ED1E3CD51}.Debug|x64.ActiveCfg = Debug|Any CPU
		{3E2171EC-D761-47C6-B65B-F16ED1E3CD51}.Debug|x64.Build.0 = Debug|Any CPU
		{3E2171EC-D761-47C6-B65B-F16ED1E3CD51}.Debug|x86.ActiveCfg = Debug|Any CPU
		{3E2171EC-D761-47C6-B65B-F16ED1E3CD51}.Debug|x86.Build.0 = Debug|Any CPU
		{3E2171EC-D761-47C6-B65B-F16ED1E3CD51}.Release|Any CPU.ActiveCfg = Release|Any CPU
		{3E2171EC-D761-47C6-B65B-F16ED1E3CD51}.Release|Any CPU.Build.0 = Release|Any CPU
		{3E2171EC-D761-47C6-B65B-F16ED1E3CD51}.Release|x64.ActiveCfg = Release|Any CPU
		{3E2171EC-D761-47C6-B65B-F16ED1E3CD51}.Release|x64.Build.0 = Release|Any CPU
		{3E2171EC-D761-47C6-B65B-F16ED1E3CD51}.Release|x86.ActiveCfg = Release|Any CPU
		{3E2171EC-D761-47C6-B65B-F16ED1E3CD51}.Release|x86.Build.0 = Release|Any CPU
		{83834102-2E8A-4995-98C1-E2AEB0A30802}.Debug|Any CPU.ActiveCfg = Debug|Any CPU
		{83834102-2E8A-4995-98C1-E2AEB0A30802}.Debug|Any CPU.Build.0 = Debug|Any CPU
		{83834102-2E8A-4995-98C1-E2AEB0A30802}.Debug|x64.ActiveCfg = Debug|Any CPU
		{83834102-2E8A-4995-98C1-E2AEB0A30802}.Debug|x64.Build.0 = Debug|Any CPU
		{83834102-2E8A-4995-98C1-E2AEB0A30802}.Debug|x86.ActiveCfg = Debug|Any CPU
		{83834102-2E8A-4995-98C1-E2AEB0A30802}.Debug|x86.Build.0 = Debug|Any CPU
		{83834102-2E8A-4995-98C1-E2AEB0A30802}.Release|Any CPU.ActiveCfg = Release|Any CPU
		{83834102-2E8A-4995-98C1-E2AEB0A30802}.Release|Any CPU.Build.0 = Release|Any CPU
		{83834102-2E8A-4995-98C1-E2AEB0A30802}.Release|x64.ActiveCfg = Release|Any CPU
		{83834102-2E8A-4995-98C1-E2AEB0A30802}.Release|x64.Build.0 = Release|Any CPU
		{83834102-2E8A-4995-98C1-E2AEB0A30802}.Release|x86.ActiveCfg = Release|Any CPU
		{83834102-2E8A-4995-98C1-E2AEB0A30802}.Release|x86.Build.0 = Release|Any CPU
		{2CB90DE1-40D2-4D42-8246-40F80A2A37F9}.Debug|Any CPU.ActiveCfg = Debug|Any CPU
		{2CB90DE1-40D2-4D42-8246-40F80A2A37F9}.Debug|Any CPU.Build.0 = Debug|Any CPU
		{2CB90DE1-40D2-4D42-8246-40F80A2A37F9}.Debug|x64.ActiveCfg = Debug|Any CPU
		{2CB90DE1-40D2-4D42-8246-40F80A2A37F9}.Debug|x64.Build.0 = Debug|Any CPU
		{2CB90DE1-40D2-4D42-8246-40F80A2A37F9}.Debug|x86.ActiveCfg = Debug|Any CPU
		{2CB90DE1-40D2-4D42-8246-40F80A2A37F9}.Debug|x86.Build.0 = Debug|Any CPU
		{2CB90DE1-40D2-4D42-8246-40F80A2A37F9}.Release|Any CPU.ActiveCfg = Release|Any CPU
		{2CB90DE1-40D2-4D42-8246-40F80A2A37F9}.Release|Any CPU.Build.0 = Release|Any CPU
		{2CB90DE1-40D2-4D42-8246-40F80A2A37F9}.Release|x64.ActiveCfg = Release|Any CPU
		{2CB90DE1-40D2-4D42-8246-40F80A2A37F9}.Release|x64.Build.0 = Release|Any CPU
		{2CB90DE1-40D2-4D42-8246-40F80A2A37F9}.Release|x86.ActiveCfg = Release|Any CPU
		{2CB90DE1-40D2-4D42-8246-40F80A2A37F9}.Release|x86.Build.0 = Release|Any CPU
		{BEAC7931-9B39-41D6-997B-A20C42D8D4A7}.Debug|Any CPU.ActiveCfg = Debug|Any CPU
		{BEAC7931-9B39-41D6-997B-A20C42D8D4A7}.Debug|Any CPU.Build.0 = Debug|Any CPU
		{BEAC7931-9B39-41D6-997B-A20C42D8D4A7}.Debug|x64.ActiveCfg = Debug|Any CPU
		{BEAC7931-9B39-41D6-997B-A20C42D8D4A7}.Debug|x64.Build.0 = Debug|Any CPU
		{BEAC7931-9B39-41D6-997B-A20C42D8D4A7}.Debug|x86.ActiveCfg = Debug|Any CPU
		{BEAC7931-9B39-41D6-997B-A20C42D8D4A7}.Debug|x86.Build.0 = Debug|Any CPU
		{BEAC7931-9B39-41D6-997B-A20C42D8D4A7}.Release|Any CPU.ActiveCfg = Release|Any CPU
		{BEAC7931-9B39-41D6-997B-A20C42D8D4A7}.Release|Any CPU.Build.0 = Release|Any CPU
		{BEAC7931-9B39-41D6-997B-A20C42D8D4A7}.Release|x64.ActiveCfg = Release|Any CPU
		{BEAC7931-9B39-41D6-997B-A20C42D8D4A7}.Release|x64.Build.0 = Release|Any CPU
		{BEAC7931-9B39-41D6-997B-A20C42D8D4A7}.Release|x86.ActiveCfg = Release|Any CPU
		{BEAC7931-9B39-41D6-997B-A20C42D8D4A7}.Release|x86.Build.0 = Release|Any CPU
		{AE8C8FE1-4C26-48D1-8A0A-850AC5B00F29}.Debug|Any CPU.ActiveCfg = Debug|Any CPU
		{AE8C8FE1-4C26-48D1-8A0A-850AC5B00F29}.Debug|Any CPU.Build.0 = Debug|Any CPU
		{AE8C8FE1-4C26-48D1-8A0A-850AC5B00F29}.Debug|x64.ActiveCfg = Debug|Any CPU
		{AE8C8FE1-4C26-48D1-8A0A-850AC5B00F29}.Debug|x64.Build.0 = Debug|Any CPU
		{AE8C8FE1-4C26-48D1-8A0A-850AC5B00F29}.Debug|x86.ActiveCfg = Debug|Any CPU
		{AE8C8FE1-4C26-48D1-8A0A-850AC5B00F29}.Debug|x86.Build.0 = Debug|Any CPU
		{AE8C8FE1-4C26-48D1-8A0A-850AC5B00F29}.Release|Any CPU.ActiveCfg = Release|Any CPU
		{AE8C8FE1-4C26-48D1-8A0A-850AC5B00F29}.Release|Any CPU.Build.0 = Release|Any CPU
		{AE8C8FE1-4C26-48D1-8A0A-850AC5B00F29}.Release|x64.ActiveCfg = Release|Any CPU
		{AE8C8FE1-4C26-48D1-8A0A-850AC5B00F29}.Release|x64.Build.0 = Release|Any CPU
		{AE8C8FE1-4C26-48D1-8A0A-850AC5B00F29}.Release|x86.ActiveCfg = Release|Any CPU
		{AE8C8FE1-4C26-48D1-8A0A-850AC5B00F29}.Release|x86.Build.0 = Release|Any CPU
	EndGlobalSection
	GlobalSection(SolutionProperties) = preSolution
		HideSolutionNode = FALSE
	EndGlobalSection
	GlobalSection(NestedProjects) = preSolution
		{CFC496D0-485C-455B-B233-09F482B2D8BE} = {3969CA35-B4F4-4346-B03F-F5538228DF04}
		{3969CA35-B4F4-4346-B03F-F5538228DF04} = {05434108-6590-4AA3-BE73-C87E935F21D0}
		{71C48E15-7F44-4C53-ADD1-A7749A62973E} = {F070AF31-0C67-4C87-90A0-902C9E767938}
		{05434108-6590-4AA3-BE73-C87E935F21D0} = {F070AF31-0C67-4C87-90A0-902C9E767938}
		{BE6CB389-D8A2-4FAD-82E0-173C09339F73} = {F070AF31-0C67-4C87-90A0-902C9E767938}
		{6E27C5AA-A9CC-45E5-912A-EE43553D2461} = {05434108-6590-4AA3-BE73-C87E935F21D0}
		{F0B8C0A5-8C79-47D3-81E1-671760AC0195} = {05434108-6590-4AA3-BE73-C87E935F21D0}
		{5D6C0384-5FE9-4A96-BEBC-EFB0BD0B08EC} = {05434108-6590-4AA3-BE73-C87E935F21D0}
		{E668C2BC-E01A-4123-A558-98BADE9D6C5E} = {5D6C0384-5FE9-4A96-BEBC-EFB0BD0B08EC}
		{27731222-3226-4A5F-9113-5BD9F37AD571} = {BE6CB389-D8A2-4FAD-82E0-173C09339F73}
		{3FECCF9F-BA78-4A13-855B-AE8E861EB5A6} = {BE6CB389-D8A2-4FAD-82E0-173C09339F73}
		{3B8FF0FE-7494-42DD-9211-681D770AD9C2} = {BE6CB389-D8A2-4FAD-82E0-173C09339F73}
		{291778A6-DD0A-4F47-908B-3B880821761B} = {6E27C5AA-A9CC-45E5-912A-EE43553D2461}
		{3E2171EC-D761-47C6-B65B-F16ED1E3CD51} = {F0B8C0A5-8C79-47D3-81E1-671760AC0195}
		{83834102-2E8A-4995-98C1-E2AEB0A30802} = {F0B8C0A5-8C79-47D3-81E1-671760AC0195}
		{2CB90DE1-40D2-4D42-8246-40F80A2A37F9} = {F0B8C0A5-8C79-47D3-81E1-671760AC0195}
		{BEAC7931-9B39-41D6-997B-A20C42D8D4A7} = {F0B8C0A5-8C79-47D3-81E1-671760AC0195}
		{AE8C8FE1-4C26-48D1-8A0A-850AC5B00F29} = {71C48E15-7F44-4C53-ADD1-A7749A62973E}
	EndGlobalSection
	GlobalSection(ExtensibilityGlobals) = postSolution
		SolutionGuid = {DDD0556A-8F7D-485D-B006-229892D4E0C0}
	EndGlobalSection
EndGlobal
